Microsoft Visual Studio Solution File, Format Version 12.00
# Visual Studio Version 17
VisualStudioVersion = 17.5.2.0
MinimumVisualStudioVersion = 10.0.40219.1
Project("{FAE04EC0-301F-11D3-BF4B-00C04F79EFBC}") = "EyeWitness", "EyeWitness.csproj", "{485002A2-859D-A712-839A-DC8F14DBD6E7}"
EndProject
Global
	GlobalSection(SolutionConfigurationPlatforms) = preSolution
		Debug|Any CPU = Debug|Any CPU
		Release|Any CPU = Release|Any CPU
	EndGlobalSection
	GlobalSection(ProjectConfigurationPlatforms) = postSolution
		{485002A2-859D-A712-839A-DC8F14DBD6E7}.Debug|Any CPU.ActiveCfg = Debug|Any CPU
		{485002A2-859D-A712-839A-DC8F14DBD6E7}.Debug|Any CPU.Build.0 = Debug|Any CPU
		{485002A2-859D-A712-839A-DC8F14DBD6E7}.Release|Any CPU.ActiveCfg = Release|Any CPU
		{485002A2-859D-A712-839A-DC8F14DBD6E7}.Release|Any CPU.Build.0 = Release|Any CPU
	EndGlobalSection
	GlobalSection(SolutionProperties) = preSolution
		HideSolutionNode = FALSE
	EndGlobalSection
	GlobalSection(ExtensibilityGlobals) = postSolution
		SolutionGuid = {EFF55DE4-5B72-4C70-9E2D-5D6588F2F416}
	EndGlobalSection
EndGlobal
